{
  "name": "medooze-media-server-client",
  "version": "1.5.3",
  "lockfileVersion": 1,
  "requires": true,
  "dependencies": {
    "randombytes": {
      "version": "2.1.0",
      "resolved": "https://registry.npmjs.org/randombytes/-/randombytes-2.1.0.tgz",
      "integrity": "sha512-vYl3iOX+4CKUWuxGi9Ukhie6fsqXqS9FE2Zaic4tNFD2N2QQaXOMFbuKK4QmDHC0JO6B1Zp41J0LpT0oR68amQ==",
      "requires": {
        "safe-buffer": "^5.1.0"
      }
    },
    "safe-buffer": {
      "version": "5.2.0",
      "resolved": "https://registry.npmjs.org/safe-buffer/-/safe-buffer-5.2.0.tgz",
      "integrity": "sha512-fZEwUGbVl7kouZs1jCdMLdt95hdIv0ZeHg6L7qPeciMZhZ+/gdesW4wgTARkrFWEpspjEATAzUGPG8N2jJiwbg=="
    },
    "sdp-transform": {
      "version": "2.14.0",
      "resolved": "https://registry.npmjs.org/sdp-transform/-/sdp-transform-2.14.0.tgz",
      "integrity": "sha512-8ZYOau/o9PzRhY0aMuRzvmiM6/YVQR8yjnBScvZHSdBnywK5oZzAJK+412ZKkDq29naBmR3bRw8MFu0C01Gehg=="
    },
    "semantic-sdp": {
      "version": "3.18.0",
      "resolved": "https://registry.npmjs.org/semantic-sdp/-/semantic-sdp-3.18.0.tgz",
      "integrity": "sha512-j29J2kes3cjgWw7aE5tPg9ToMvjKfsI/+bJjGVRQiXFPKctuLnURn6PuY/NyRCiMfgtK04gzORn4VCSUmKHAUg==",
      "requires": {
        "randombytes": "^2.0.3",
        "sdp-transform": "^2.12.0"
      }
    },
    "transaction-manager": {
      "version": "2.1.3",
      "resolved": "https://registry.npmjs.org/transaction-manager/-/transaction-manager-2.1.3.tgz",
      "integrity": "sha512-xdk8cXprW6CrbFHQj9d6PL5P0Wa0vKhOF8+dCMGhaP9MVPZhsRGLKhWkFuNFnWBGy5BrlJvUrjJM8GX8cxTE+A=="
    }
  }
}
