{
  "name": "medooze-media-server-client",
  "version": "1.4.3",
  "lockfileVersion": 1,
  "requires": true,
  "dependencies": {
    "randombytes": {
      "version": "2.0.6",
      "resolved": "https://registry.npmjs.org/randombytes/-/randombytes-2.0.6.tgz",
      "integrity": "sha512-CIQ5OFxf4Jou6uOKe9t1AOgqpeU5fd70A8NPdHSGeYXqXsPe6peOwI0cUl88RWZ6sP1vPMV3avd/R6cZ5/sP1A==",
      "requires": {
        "safe-buffer": "5.1.2"
      }
    },
    "safe-buffer": {
      "version": "5.1.2",
      "resolved": "https://registry.npmjs.org/safe-buffer/-/safe-buffer-5.1.2.tgz",
      "integrity": "sha512-Gd2UZBJDkXlY7GbJxfsE8/nvKkUEU1G38c1siN6QP6a9PT9MmHB8GnpscSmMJSoF8LOIrt8ud/wPtojys4G6+g=="
    },
    "sdp-transform": {
      "version": "2.5.0",
      "resolved": "https://registry.npmjs.org/sdp-transform/-/sdp-transform-2.5.0.tgz",
      "integrity": "sha512-iktBwqgfhfsCu1szik/NRAUXmLbx7mFb3zRzQrrNJSdj9e6OvB0pAH6ZxdG8YwUCWwybZVhcI+45MN/FwVoAag=="
    },
    "semantic-sdp": {
      "version": "3.12.3",
      "resolved": "https://registry.npmjs.org/semantic-sdp/-/semantic-sdp-3.12.3.tgz",
      "integrity": "sha512-yCmDCxuYti/8XhiPd7TvZzxMDRpUilP6UKEH9JgB2RNegk3hiFA7St287g2Ifp/XUY7ACHxFGP5EQzCMy+t0ng==",
      "requires": {
        "randombytes": "2.0.6",
        "sdp-transform": "2.5.0"
      }
    }
  }
}
